
Microsoft Visual Studio Solution File, Format Version 12.00
# Visual Studio Version 17
VisualStudioVersion = 17.3.32825.248
MinimumVisualStudioVersion = 10.0.40219.1
Project("{FAE04EC0-301F-11D3-BF4B-00C04F79EFBC}") = "RoomEscapes", "RoomEscapes\RoomEscapes.csproj", "{2F440ED4-5EC2-4E9C-8E71-76A5D065AE15}"
EndProject
Global
	GlobalSection(SolutionConfigurationPlatforms) = preSolution
		Debug|Any CPU = Debug|Any CPU
		Release|Any CPU = Release|Any CPU
	EndGlobalSection
	GlobalSection(ProjectConfigurationPlatforms) = postSolution
		{2F440ED4-5EC2-4E9C-8E71-76A5D065AE15}.Debug|Any CPU.ActiveCfg = Debug|Any CPU
		{2F440ED4-5EC2-4E9C-8E71-76A5D065AE15}.Debug|Any CPU.Build.0 = Debug|Any CPU
		{2F440ED4-5EC2-4E9C-8E71-76A5D065AE15}.Release|Any CPU.ActiveCfg = Release|Any CPU
		{2F440ED4-5EC2-4E9C-8E71-76A5D065AE15}.Release|Any CPU.Build.0 = Release|Any CPU
	EndGlobalSection
	GlobalSection(SolutionProperties) = preSolution
		HideSolutionNode = FALSE
	EndGlobalSection
	GlobalSection(ExtensibilityGlobals) = postSolution
		SolutionGuid = {F7421248-14FF-4C77-9926-C6CCD15A65D2}
	EndGlobalSection
EndGlobal
